
Microsoft Visual Studio Solution File, Format Version 12.00
# Visual Studio 15
VisualStudioVersion = 15.0.27703.2035
MinimumVisualStudioVersion = 10.0.40219.1
Project("{FAE04EC0-301F-11D3-BF4B-00C04F79EFBC}") = "FileWatcherPentahoRun", "FileWatcherPentahoRun.csproj", "{5667572E-63EE-4B54-BDD7-37AA154B81A7}"
EndProject
Project("{FAE04EC0-301F-11D3-BF4B-00C04F79EFBC}") = "FileWatchPentahoServiceRun", "FileWatchPentahoServiceRun\FileWatchPentahoServiceRun.csproj", "{B99A9A7C-E5D9-4EC0-BD55-F4562861EFA0}"
EndProject
Project("{FAE04EC0-301F-11D3-BF4B-00C04F79EFBC}") = "PentahoRunOnFileChangeService", "PentahoRunOnFileChangeService\PentahoRunOnFileChangeService.csproj", "{1D67FA81-13B8-44B1-84E5-3F00ACACA877}"
EndProject
Global
	GlobalSection(SolutionConfigurationPlatforms) = preSolution
		Debug|Any CPU = Debug|Any CPU
		Release|Any CPU = Release|Any CPU
	EndGlobalSection
	GlobalSection(ProjectConfigurationPlatforms) = postSolution
		{5667572E-63EE-4B54-BDD7-37AA154B81A7}.Debug|Any CPU.ActiveCfg = Debug|Any CPU
		{5667572E-63EE-4B54-BDD7-37AA154B81A7}.Debug|Any CPU.Build.0 = Debug|Any CPU
		{5667572E-63EE-4B54-BDD7-37AA154B81A7}.Release|Any CPU.ActiveCfg = Release|Any CPU
		{5667572E-63EE-4B54-BDD7-37AA154B81A7}.Release|Any CPU.Build.0 = Release|Any CPU
		{B99A9A7C-E5D9-4EC0-BD55-F4562861EFA0}.Debug|Any CPU.ActiveCfg = Debug|Any CPU
		{B99A9A7C-E5D9-4EC0-BD55-F4562861EFA0}.Debug|Any CPU.Build.0 = Debug|Any CPU
		{B99A9A7C-E5D9-4EC0-BD55-F4562861EFA0}.Release|Any CPU.ActiveCfg = Release|Any CPU
		{B99A9A7C-E5D9-4EC0-BD55-F4562861EFA0}.Release|Any CPU.Build.0 = Release|Any CPU
		{1D67FA81-13B8-44B1-84E5-3F00ACACA877}.Debug|Any CPU.ActiveCfg = Debug|Any CPU
		{1D67FA81-13B8-44B1-84E5-3F00ACACA877}.Debug|Any CPU.Build.0 = Debug|Any CPU
		{1D67FA81-13B8-44B1-84E5-3F00ACACA877}.Release|Any CPU.ActiveCfg = Release|Any CPU
		{1D67FA81-13B8-44B1-84E5-3F00ACACA877}.Release|Any CPU.Build.0 = Release|Any CPU
	EndGlobalSection
	GlobalSection(SolutionProperties) = preSolution
		HideSolutionNode = FALSE
	EndGlobalSection
	GlobalSection(ExtensibilityGlobals) = postSolution
		SolutionGuid = {6AC0DED9-6283-49D9-8BAE-145313CD7F8A}
	EndGlobalSection
EndGlobal
